
Microsoft Visual Studio Solution File, Format Version 12.00
# Visual Studio 14
VisualStudioVersion = 14.0.25420.1
MinimumVisualStudioVersion = 10.0.40219.1
Project("{8BB2217D-0F2D-49D1-97BC-3654ED321F3B}") = "ProcessSESNotifications", "src\ProcessSESNotifications\ProcessSESNotifications.xproj", "{55E732F0-EE59-4DD9-BF57-8B76175641FB}"
EndProject
Project("{8BB2217D-0F2D-49D1-97BC-3654ED321F3B}") = "ProcessSESNotifications.Tests", "test\ProcessSESNotifications.Tests\ProcessSESNotifications.Tests.xproj", "{CC96914C-E20D-4D98-AA6A-1B7A06368BA1}"
EndProject
Global
	GlobalSection(SolutionConfigurationPlatforms) = preSolution
		Debug|Any CPU = Debug|Any CPU
		Release|Any CPU = Release|Any CPU
	EndGlobalSection
	GlobalSection(ProjectConfigurationPlatforms) = postSolution
		{55E732F0-EE59-4DD9-BF57-8B76175641FB}.Debug|Any CPU.ActiveCfg = Debug|Any CPU
		{55E732F0-EE59-4DD9-BF57-8B76175641FB}.Debug|Any CPU.Build.0 = Debug|Any CPU
		{55E732F0-EE59-4DD9-BF57-8B76175641FB}.Release|Any CPU.ActiveCfg = Release|Any CPU
		{55E732F0-EE59-4DD9-BF57-8B76175641FB}.Release|Any CPU.Build.0 = Release|Any CPU
		{CC96914C-E20D-4D98-AA6A-1B7A06368BA1}.Debug|Any CPU.ActiveCfg = Debug|Any CPU
		{CC96914C-E20D-4D98-AA6A-1B7A06368BA1}.Debug|Any CPU.Build.0 = Debug|Any CPU
		{CC96914C-E20D-4D98-AA6A-1B7A06368BA1}.Release|Any CPU.ActiveCfg = Release|Any CPU
		{CC96914C-E20D-4D98-AA6A-1B7A06368BA1}.Release|Any CPU.Build.0 = Release|Any CPU
	EndGlobalSection
	GlobalSection(SolutionProperties) = preSolution
		HideSolutionNode = FALSE
	EndGlobalSection
EndGlobal
